
Microsoft Visual Studio Solution File, Format Version 12.00
# Visual Studio Version 17
VisualStudioVersion = 17.11.35219.272
MinimumVisualStudioVersion = 10.0.40219.1
Project("{FAE04EC0-301F-11D3-BF4B-00C04F79EFBC}") = "4islemhesplayan_geriye_deger_donduren_metot", "4islemhesplayan_geriye_deger_donduren_metot\4islemhesplayan_geriye_deger_donduren_metot.csproj", "{C47CD2B0-A149-48F4-90F0-AD42660D2C20}"
EndProject
Global
	GlobalSection(SolutionConfigurationPlatforms) = preSolution
		Debug|Any CPU = Debug|Any CPU
		Release|Any CPU = Release|Any CPU
	EndGlobalSection
	GlobalSection(ProjectConfigurationPlatforms) = postSolution
		{C47CD2B0-A149-48F4-90F0-AD42660D2C20}.Debug|Any CPU.ActiveCfg = Debug|Any CPU
		{C47CD2B0-A149-48F4-90F0-AD42660D2C20}.Debug|Any CPU.Build.0 = Debug|Any CPU
		{C47CD2B0-A149-48F4-90F0-AD42660D2C20}.Release|Any CPU.ActiveCfg = Release|Any CPU
		{C47CD2B0-A149-48F4-90F0-AD42660D2C20}.Release|Any CPU.Build.0 = Release|Any CPU
	EndGlobalSection
	GlobalSection(SolutionProperties) = preSolution
		HideSolutionNode = FALSE
	EndGlobalSection
	GlobalSection(ExtensibilityGlobals) = postSolution
		SolutionGuid = {5447C8AB-44A3-4218-9641-053749497049}
	EndGlobalSection
EndGlobal
